PODS:
  - AvailableHapticFeedback (1.0.0)
  - Charts (3.2.1):
    - Charts/Core (= 3.2.1)
  - Charts/Core (3.2.1)
  - MiniLayout (1.3.0)
  - MultiSlider (1.8.1):
    - AvailableHapticFeedback
    - MiniLayout

DEPENDENCIES:
  - Charts
  - MultiSlider

SPEC REPOS:
  https://github.com/cocoapods/specs.git:
    - AvailableHapticFeedback
    - Charts
    - MiniLayout
    - MultiSlider

SPEC CHECKSUMS:
  AvailableHapticFeedback: dbd483684e693281b85e671d95ac3593dfbad34f
  Charts: f122fb70b19847fa5817d018b77d6c5a2296ab25
  MiniLayout: 57c42e7e44cb47a9ef95650970ee1d2718725518
  MultiSlider: 772907b8d87b52df5e9fe9e5449347cfe8e906a0

PODFILE CHECKSUM: 65e6e324f17aa502216939701ce377d1f2258d43

COCOAPODS: 1.5.3
